// !$*UTF8*$!
{
	archiveVersion = 1;
	classes = {
	};
	objectVersion = 50;
	objects = {

/* Begin PBXBuildFile section */
		EB126B0824B793C8007D5FE1 /* AppDelegate.swift in Sources */ = {isa = PBXBuildFile; fileRef = EB126B0724B793C8007D5FE1 /* AppDelegate.swift */; };
		EB126B0A24B793C8007D5FE1 /* SceneDelegate.swift in Sources */ = {isa = PBXBuildFile; fileRef = EB126B0924B793C8007D5FE1 /* SceneDelegate.swift */; };
		EB126B0C24B793C8007D5FE1 /* ContentView.swift in Sources */ = {isa = PBXBuildFile; fileRef = EB126B0B24B793C8007D5FE1 /* ContentView.swift */; };
		EB126B0E24B793C9007D5FE1 /* Assets.xcassets in Resources */ = {isa = PBXBuildFile; fileRef = EB126B0D24B793C9007D5FE1 /* Assets.xcassets */; };
		EB126B1124B793C9007D5FE1 /* Preview Assets.xcassets in Resources */ = {isa = PBXBuildFile; fileRef = EB126B1024B793C9007D5FE1 /* Preview Assets.xcassets */; };
		EB126B1424B793C9007D5FE1 /* LaunchScreen.storyboard in Resources */ = {isa = PBXBuildFile; fileRef = EB126B1224B793C9007D5FE1 /* LaunchScreen.storyboard */; };
		EB126B1E24B79670007D5FE1 /* NetworkManager.swift in Sources */ = {isa = PBXBuildFile; fileRef = EB126B1D24B79670007D5FE1 /* NetworkManager.swift */; };
		EB126B2024B79768007D5FE1 /* PostData.swift in Sources */ = {isa = PBXBuildFile; fileRef = EB126B1F24B79768007D5FE1 /* PostData.swift */; };
		EB126B2324B79D39007D5FE1 /* DetailView.swift in Sources */ = {isa = PBXBuildFile; fileRef = EB126B2224B79D39007D5FE1 /* DetailView.swift */; };
		EB126B2524B7A0F6007D5FE1 /* WebView.swift in Sources */ = {isa = PBXBuildFile; fileRef = EB126B2424B7A0F6007D5FE1 /* WebView.swift */; };
/* End PBXBuildFile section */

/* Begin PBXFileReference section */
		EB126B0424B793C8007D5FE1 /* _h4x0rNews.app */ = {isa = PBXFileReference; explicitFileType = wrapper.application; includeInIndex = 0; path = _h4x0rNews.app; sourceTree = BUILT_PRODUCTS_DIR; };
		EB126B0724B793C8007D5FE1 /* AppDelegate.swift */ = {isa = PBXFileReference; lastKnownFileType = sourcecode.swift; path = AppDelegate.swift; sourceTree = "<group>"; };
		EB126B0924B793C8007D5FE1 /* SceneDelegate.swift */ = {isa = PBXFileReference; lastKnownFileType = sourcecode.swift; path = SceneDelegate.swift; sourceTree = "<group>"; };
		EB126B0B24B793C8007D5FE1 /* ContentView.swift */ = {isa = PBXFileReference; lastKnownFileType = sourcecode.swift; path = ContentView.swift; sourceTree = "<group>"; };
		EB126B0D24B793C9007D5FE1 /* Assets.xcassets */ = {isa = PBXFileReference; lastKnownFileType = folder.assetcatalog; path = Assets.xcassets; sourceTree = "<group>"; };
		EB126B1024B793C9007D5FE1 /* Preview Assets.xcassets */ = {isa = PBXFileReference; lastKnownFileType = folder.assetcatalog; path = "Preview Assets.xcassets"; sourceTree = "<group>"; };
		EB126B1324B793C9007D5FE1 /* Base */ = {isa = PBXFileReference; lastKnownFileType = file.storyboard; name = Base; path = Base.lproj/LaunchScreen.storyboard; sourceTree = "<group>"; };
		EB126B1524B793C9007D5FE1 /* Info.plist */ = {isa = PBXFileReference; lastKnownFileType = text.plist.xml; path = Info.plist; sourceTree = "<group>"; };
		EB126B1D24B79670007D5FE1 /* NetworkManager.swift */ = {isa = PBXFileReference; lastKnownFileType = sourcecode.swift; path = NetworkManager.swift; sourceTree = "<group>"; };
		EB126B1F24B79768007D5FE1 /* PostData.swift */ = {isa = PBXFileReference; lastKnownFileType = sourcecode.swift; path = PostData.swift; sourceTree = "<group>"; };
		EB126B2224B79D39007D5FE1 /* DetailView.swift */ = {isa = PBXFileReference; lastKnownFileType = sourcecode.swift; path = DetailView.swift; sourceTree = "<group>"; };
		EB126B2424B7A0F6007D5FE1 /* WebView.swift */ = {isa = PBXFileReference; lastKnownFileType = sourcecode.swift; path = WebView.swift; sourceTree = "<group>"; };
		EB126B2624B7A2A0007D5FE1 /* _h4x0rNews.entitlements */ = {isa = PBXFileReference; lastKnownFileType = text.plist.entitlements; path = _h4x0rNews.entitlements; sourceTree = "<group>"; };
/* End PBXFileReference section */

/* Begin PBXFrameworksBuildPhase section */
		EB126B0124B793C8007D5FE1 /* Frameworks */ = {
			isa = PBXFrameworksBuildPhase;
			buildActionMask = 2147483647;
			files = (
			);
			runOnlyForDeploymentPostprocessing = 0;
		};
/* End PBXFrameworksBuildPhase section */

/* Begin PBXGroup section */
		EB126AFB24B793C8007D5FE1 = {
			isa = PBXGroup;
			children = (
				EB126B0624B793C8007D5FE1 /* _h4x0rNews */,
				EB126B0524B793C8007D5FE1 /* Products */,
			);
			sourceTree = "<group>";
		};
		EB126B0524B793C8007D5FE1 /* Products */ = {
			isa = PBXGroup;
			children = (
				EB126B0424B793C8007D5FE1 /* _h4x0rNews.app */,
			);
			name = Products;
			sourceTree = "<group>";
		};
		EB126B0624B793C8007D5FE1 /* _h4x0rNews */ = {
			isa = PBXGroup;
			children = (
				EB126B2624B7A2A0007D5FE1 /* _h4x0rNews.entitlements */,
				EB126B1B24B7963B007D5FE1 /* Models */,
				EB126B0724B793C8007D5FE1 /* AppDelegate.swift */,
				EB126B0924B793C8007D5FE1 /* SceneDelegate.swift */,
				EB126B2124B79D21007D5FE1 /* Views */,
				EB126B0D24B793C9007D5FE1 /* Assets.xcassets */,
				EB126B1224B793C9007D5FE1 /* LaunchScreen.storyboard */,
				EB126B1524B793C9007D5FE1 /* Info.plist */,
				EB126B0F24B793C9007D5FE1 /* Preview Content */,
			);
			path = _h4x0rNews;
			sourceTree = "<group>";
		};
		EB126B0F24B793C9007D5FE1 /* Preview Content */ = {
			isa = PBXGroup;
			children = (
				EB126B1024B793C9007D5FE1 /* Preview Assets.xcassets */,
			);
			path = "Preview Content";
			sourceTree = "<group>";
		};
		EB126B1B24B7963B007D5FE1 /* Models */ = {
			isa = PBXGroup;
			children = (
				EB126B1D24B79670007D5FE1 /* NetworkManager.swift */,
				EB126B1F24B79768007D5FE1 /* PostData.swift */,
			);
			path = Models;
			sourceTree = "<group>";
		};
		EB126B2124B79D21007D5FE1 /* Views */ = {
			isa = PBXGroup;
			children = (
				EB126B0B24B793C8007D5FE1 /* ContentView.swift */,
				EB126B2224B79D39007D5FE1 /* DetailView.swift */,
				EB126B2424B7A0F6007D5FE1 /* WebView.swift */,
			);
			path = Views;
			sourceTree = "<group>";
		};
/* End PBXGroup section */

/* Begin PBXNativeTarget section */
		EB126B0324B793C8007D5FE1 /* _h4x0rNews */ = {
			isa = PBXNativeTarget;
			buildConfigurationList = EB126B1824B793C9007D5FE1 /* Build configuration list for PBXNativeTarget "_h4x0rNews" */;
			buildPhases = (
				EB126B0024B793C8007D5FE1 /* Sources */,
				EB126B0124B793C8007D5FE1 /* Frameworks */,
				EB126B0224B793C8007D5FE1 /* Resources */,
			);
			buildRules = (
			);
			dependencies = (
			);
			name = _h4x0rNews;
			productName = _h4x0rNews;
			productReference = EB126B0424B793C8007D5FE1 /* _h4x0rNews.app */;
			productType = "com.apple.product-type.application";
		};
/* End PBXNativeTarget section */

/* Begin PBXProject section */
		EB126AFC24B793C8007D5FE1 /* Project object */ = {
			isa = PBXProject;
			attributes = {
				LastSwiftUpdateCheck = 1150;
				LastUpgradeCheck = 1150;
				ORGANIZATIONNAME = melofo;
				TargetAttributes = {
					EB126B0324B793C8007D5FE1 = {
						CreatedOnToolsVersion = 11.5;
					};
				};
			};
			buildConfigurationList = EB126AFF24B793C8007D5FE1 /* Build configuration list for PBXProject "_h4x0rNews" */;
			compatibilityVersion = "Xcode 9.3";
			developmentRegion = en;
			hasScannedForEncodings = 0;
			knownRegions = (
				en,
				Base,
			);
			mainGroup = EB126AFB24B793C8007D5FE1;
			productRefGroup = EB126B0524B793C8007D5FE1 /* Products */;
			projectDirPath = "";
			projectRoot = "";
			targets = (
				EB126B0324B793C8007D5FE1 /* _h4x0rNews */,
			);
		};
/* End PBXProject section */

/* Begin PBXResourcesBuildPhase section */
		EB126B0224B793C8007D5FE1 /* Resources */ = {
			isa = PBXResourcesBuildPhase;
			buildActionMask = 2147483647;
			files = (
				EB126B1424B793C9007D5FE1 /* LaunchScreen.storyboard in Resources */,
				EB126B1124B793C9007D5FE1 /* Preview Assets.xcassets in Resources */,
				EB126B0E24B793C9007D5FE1 /* Assets.xcassets in Resources */,
			);
			runOnlyForDeploymentPostprocessing = 0;
		};
/* End PBXResourcesBuildPhase section */

/* Begin PBXSourcesBuildPhase section */
		EB126B0024B793C8007D5FE1 /* Sources */ = {
			isa = PBXSourcesBuildPhase;
			buildActionMask = 2147483647;
			files = (
				EB126B2024B79768007D5FE1 /* PostData.swift in Sources */,
				EB126B2324B79D39007D5FE1 /* DetailView.swift in Sources */,
				EB126B1E24B79670007D5FE1 /* NetworkManager.swift in Sources */,
				EB126B0824B793C8007D5FE1 /* AppDelegate.swift in Sources */,
				EB126B0A24B793C8007D5FE1 /* SceneDelegate.swift in Sources */,
				EB126B0C24B793C8007D5FE1 /* ContentView.swift in Sources */,
				EB126B2524B7A0F6007D5FE1 /* WebView.swift in Sources */,
			);
			runOnlyForDeploymentPostprocessing = 0;
		};
/* End PBXSourcesBuildPhase section */

/* Begin PBXVariantGroup section */
		EB126B1224B793C9007D5FE1 /* LaunchScreen.storyboard */ = {
			isa = PBXVariantGroup;
			children = (
				EB126B1324B793C9007D5FE1 /* Base */,
			);
			name = LaunchScreen.storyboard;
			sourceTree = "<group>";
		};
/* End PBXVariantGroup section */

/* Begin XCBuildConfiguration section */
		EB126B1624B793C9007D5FE1 /* Debug */ = {
			isa = XCBuildConfiguration;
			buildSettings = {
				ALWAYS_SEARCH_USER_PATHS = NO;
				CLANG_ANALYZER_NONNULL = YES;
				CLANG_ANALYZER_NUMBER_OBJECT_CONVERSION = YES_AGGRESSIVE;
				CLANG_CXX_LANGUAGE_STANDARD = "gnu++14";
				CLANG_CXX_LIBRARY = "libc++";
				CLANG_ENABLE_MODULES = YES;
				CLANG_ENABLE_OBJC_ARC = YES;
				CLANG_ENABLE_OBJC_WEAK = YES;
				CLANG_WARN_BLOCK_CAPTURE_AUTORELEASING = YES;
				CLANG_WARN_BOOL_CONVERSION = YES;
				CLANG_WARN_COMMA = YES;
				CLANG_WARN_CONSTANT_CONVERSION = YES;
				CLANG_WARN_DEPRECATED_OBJC_IMPLEMENTATIONS = YES;
				CLANG_WARN_DIRECT_OBJC_ISA_USAGE = YES_ERROR;
				CLANG_WARN_DOCUMENTATION_COMMENTS = YES;
				CLANG_WARN_EMPTY_BODY = YES;
				CLANG_WARN_ENUM_CONVERSION = YES;
				CLANG_WARN_INFINITE_RECURSION = YES;
				CLANG_WARN_INT_CONVERSION = YES;
				CLANG_WARN_NON_LITERAL_NULL_CONVERSION = YES;
				CLANG_WARN_OBJC_IMPLICIT_RETAIN_SELF = YES;
				CLANG_WARN_OBJC_LITERAL_CONVERSION = YES;
				CLANG_WARN_OBJC_ROOT_CLASS = YES_ERROR;
				CLANG_WARN_RANGE_LOOP_ANALYSIS = YES;
				CLANG_WARN_STRICT_PROTOTYPES = YES;
				CLANG_WARN_SUSPICIOUS_MOVE = YES;
				CLANG_WARN_UNGUARDED_AVAILABILITY = YES_AGGRESSIVE;
				CLANG_WARN_UNREACHABLE_CODE = YES;
				CLANG_WARN__DUPLICATE_METHOD_MATCH = YES;
				COPY_PHASE_STRIP = NO;
				DEBUG_INFORMATION_FORMAT = dwarf;
				ENABLE_STRICT_OBJC_MSGSEND = YES;
				ENABLE_TESTABILITY = YES;
				GCC_C_LANGUAGE_STANDARD = gnu11;
				GCC_DYNAMIC_NO_PIC = NO;
				GCC_NO_COMMON_BLOCKS = YES;
				GCC_OPTIMIZATION_LEVEL = 0;
				GCC_PREPROCESSOR_DEFINITIONS = (
					"DEBUG=1",
					"$(inherited)",
				);
				GCC_WARN_64_TO_32_BIT_CONVERSION = YES;
				GCC_WARN_ABOUT_RETURN_TYPE = YES_ERROR;
				GCC_WARN_UNDECLARED_SELECTOR = YES;
				GCC_WARN_UNINITIALIZED_AUTOS = YES_AGGRESSIVE;
				GCC_WARN_UNUSED_FUNCTION = YES;
				GCC_WARN_UNUSED_VARIABLE = YES;
				IPHONEOS_DEPLOYMENT_TARGET = 13.5;
				MTL_ENABLE_DEBUG_INFO = INCLUDE_SOURCE;
				MTL_FAST_MATH = YES;
				ONLY_ACTIVE_ARCH = YES;
				SDKROOT = iphoneos;
				SWIFT_ACTIVE_COMPILATION_CONDITIONS = DEBUG;
				SWIFT_OPTIMIZATION_LEVEL = "-Onone";
			};
			name = Debug;
		};
		EB126B1724B793C9007D5FE1 /* Release */ = {
			isa = XCBuildConfiguration;
			buildSettings = {
				ALWAYS_SEARCH_USER_PATHS = NO;
				CLANG_ANALYZER_NONNULL = YES;
				CLANG_ANALYZER_NUMBER_OBJECT_CONVERSION = YES_AGGRESSIVE;
				CLANG_CXX_LANGUAGE_STANDARD = "gnu++14";
				CLANG_CXX_LIBRARY = "libc++";
				CLANG_ENABLE_MODULES = YES;
				CLANG_ENABLE_OBJC_ARC = YES;
				CLANG_ENABLE_OBJC_WEAK = YES;
				CLANG_WARN_BLOCK_CAPTURE_AUTORELEASING = YES;
				CLANG_WARN_BOOL_CONVERSION = YES;
				CLANG_WARN_COMMA = YES;
				CLANG_WARN_CONSTANT_CONVERSION = YES;
				CLANG_WARN_DEPRECATED_OBJC_IMPLEMENTATIONS = YES;
				CLANG_WARN_DIRECT_OBJC_ISA_USAGE = YES_ERROR;
				CLANG_WARN_DOCUMENTATION_COMMENTS = YES;
				CLANG_WARN_EMPTY_BODY = YES;
				CLANG_WARN_ENUM_CONVERSION = YES;
				CLANG_WARN_INFINITE_RECURSION = YES;
				CLANG_WARN_INT_CONVERSION = YES;
				CLANG_WARN_NON_LITERAL_NULL_CONVERSION = YES;
				CLANG_WARN_OBJC_IMPLICIT_RETAIN_SELF = YES;
				CLANG_WARN_OBJC_LITERAL_CONVERSION = YES;
				CLANG_WARN_OBJC_ROOT_CLASS = YES_ERROR;
				CLANG_WARN_RANGE_LOOP_ANALYSIS = YES;
				CLANG_WARN_STRICT_PROTOTYPES = YES;
				CLANG_WARN_SUSPICIOUS_MOVE = YES;
				CLANG_WARN_UNGUARDED_AVAILABILITY = YES_AGGRESSIVE;
				CLANG_WARN_UNREACHABLE_CODE = YES;
				CLANG_WARN__DUPLICATE_METHOD_MATCH = YES;
				COPY_PHASE_STRIP = NO;
				DEBUG_INFORMATION_FORMAT = "dwarf-with-dsym";
				ENABLE_NS_ASSERTIONS = NO;
				ENABLE_STRICT_OBJC_MSGSEND = YES;
				GCC_C_LANGUAGE_STANDARD = gnu11;
				GCC_NO_COMMON_BLOCKS = YES;
				GCC_WARN_64_TO_32_BIT_CONVERSION = YES;
				GCC_WARN_ABOUT_RETURN_TYPE = YES_ERROR;
				GCC_WARN_UNDECLARED_SELECTOR = YES;
				GCC_WARN_UNINITIALIZED_AUTOS = YES_AGGRESSIVE;
				GCC_WARN_UNUSED_FUNCTION = YES;
				GCC_WARN_UNUSED_VARIABLE = YES;
				IPHONEOS_DEPLOYMENT_TARGET = 13.5;
				MTL_ENABLE_DEBUG_INFO = NO;
				MTL_FAST_MATH = YES;
				SDKROOT = iphoneos;
				SWIFT_COMPILATION_MODE = wholemodule;
				SWIFT_OPTIMIZATION_LEVEL = "-O";
				VALIDATE_PRODUCT = YES;
			};
			name = Release;
		};
		EB126B1924B793C9007D5FE1 /* Debug */ = {
			isa = XCBuildConfiguration;
			buildSettings = {
				ASSETCATALOG_COMPILER_APPICON_NAME = AppIcon;
				CODE_SIGN_ENTITLEMENTS = _h4x0rNews/_h4x0rNews.entitlements;
				CODE_SIGN_STYLE = Automatic;
				DEVELOPMENT_ASSET_PATHS = "\"_h4x0rNews/Preview Content\"";
				DEVELOPMENT_TEAM = 6G89PNHFNT;
				ENABLE_PREVIEWS = YES;
				INFOPLIST_FILE = _h4x0rNews/Info.plist;
				LD_RUNPATH_SEARCH_PATHS = (
					"$(inherited)",
					"@executable_path/Frameworks",
				);
				PRODUCT_BUNDLE_IDENTIFIER = "melofo.-h4x0rNews";
				PRODUCT_NAME = "$(TARGET_NAME)";
				SUPPORTS_MACCATALYST = YES;
				SWIFT_VERSION = 5.0;
				TARGETED_DEVICE_FAMILY = "1,2";
			};
			name = Debug;
		};
		EB126B1A24B793C9007D5FE1 /* Release */ = {
			isa = XCBuildConfiguration;
			buildSettings = {
				ASSETCATALOG_COMPILER_APPICON_NAME = AppIcon;
				CODE_SIGN_ENTITLEMENTS = _h4x0rNews/_h4x0rNews.entitlements;
				CODE_SIGN_STYLE = Automatic;
				DEVELOPMENT_ASSET_PATHS = "\"_h4x0rNews/Preview Content\"";
				DEVELOPMENT_TEAM = 6G89PNHFNT;
				ENABLE_PREVIEWS = YES;
				INFOPLIST_FILE = _h4x0rNews/Info.plist;
				LD_RUNPATH_SEARCH_PATHS = (
					"$(inherited)",
					"@executable_path/Frameworks",
				);
				PRODUCT_BUNDLE_IDENTIFIER = "melofo.-h4x0rNews";
				PRODUCT_NAME = "$(TARGET_NAME)";
				SUPPORTS_MACCATALYST = YES;
				SWIFT_VERSION = 5.0;
				TARGETED_DEVICE_FAMILY = "1,2";
			};
			name = Release;
		};
/* End XCBuildConfiguration section */

/* Begin XCConfigurationList section */
		EB126AFF24B793C8007D5FE1 /* Build configuration list for PBXProject "_h4x0rNews" */ = {
			isa = XCConfigurationList;
			buildConfigurations = (
				EB126B1624B793C9007D5FE1 /* Debug */,
				EB126B1724B793C9007D5FE1 /* Release */,
			);
			defaultConfigurationIsVisible = 0;
			defaultConfigurationName = Release;
		};
		EB126B1824B793C9007D5FE1 /* Build configuration list for PBXNativeTarget "_h4x0rNews" */ = {
			isa = XCConfigurationList;
			buildConfigurations = (
				EB126B1924B793C9007D5FE1 /* Debug */,
				EB126B1A24B793C9007D5FE1 /* Release */,
			);
			defaultConfigurationIsVisible = 0;
			defaultConfigurationName = Release;
		};
/* End XCConfigurationList section */
	};
	rootObject = EB126AFC24B793C8007D5FE1 /* Project object */;
}
